
Microsoft Visual Studio Solution File, Format Version 12.00
# Visual Studio 14
VisualStudioVersion = 14.0.25420.1
MinimumVisualStudioVersion = 10.0.40219.1
Project("{FAE04EC0-301F-11D3-BF4B-00C04F79EFBC}") = "Databar", "Databar\Databar\Databar.csproj", "{CE5C8248-40D7-4350-A0AF-4DF75484580F}"
EndProject
Project("{FAE04EC0-301F-11D3-BF4B-00C04F79EFBC}") = "Databar.Droid", "Databar\Databar.Droid\Databar.Droid.csproj", "{EB56B6BE-41DF-497D-8EFC-CFF1DA40D0D1}"
EndProject
Project("{FAE04EC0-301F-11D3-BF4B-00C04F79EFBC}") = "Databar.iOS", "Databar\Databar.iOS\Databar.iOS.csproj", "{29A55320-5B25-4DB2-8443-FA72EEA00240}"
EndProject
Global
	GlobalSection(SolutionConfigurationPlatforms) = preSolution
		Ad-Hoc|Any CPU = Ad-Hoc|Any CPU
		Ad-Hoc|iPhone = Ad-Hoc|iPhone
		Ad-Hoc|iPhoneSimulator = Ad-Hoc|iPhoneSimulator
		AppStore|Any CPU = AppStore|Any CPU
		AppStore|iPhone = AppStore|iPhone
		AppStore|iPhoneSimulator = AppStore|iPhoneSimulator
		Debug|Any CPU = Debug|Any CPU
		Debug|iPhone = Debug|iPhone
		Debug|iPhoneSimulator = Debug|iPhoneSimulator
		Release|Any CPU = Release|Any CPU
		Release|iPhone = Release|iPhone
		Release|iPhoneSimulator = Release|iPhoneSimulator
	EndGlobalSection
	GlobalSection(ProjectConfigurationPlatforms) = postSolution
		{CE5C8248-40D7-4350-A0AF-4DF75484580F}.Ad-Hoc|Any CPU.ActiveCfg = Release|Any CPU
		{CE5C8248-40D7-4350-A0AF-4DF75484580F}.Ad-Hoc|Any CPU.Build.0 = Release|Any CPU
		{CE5C8248-40D7-4350-A0AF-4DF75484580F}.Ad-Hoc|iPhone.ActiveCfg = Release|Any CPU
		{CE5C8248-40D7-4350-A0AF-4DF75484580F}.Ad-Hoc|iPhone.Build.0 = Release|Any CPU
		{CE5C8248-40D7-4350-A0AF-4DF75484580F}.Ad-Hoc|iPhoneSimulator.ActiveCfg = Release|Any CPU
		{CE5C8248-40D7-4350-A0AF-4DF75484580F}.Ad-Hoc|iPhoneSimulator.Build.0 = Release|Any CPU
		{CE5C8248-40D7-4350-A0AF-4DF75484580F}.AppStore|Any CPU.ActiveCfg = Release|Any CPU
		{CE5C8248-40D7-4350-A0AF-4DF75484580F}.AppStore|Any CPU.Build.0 = Release|Any CPU
		{CE5C8248-40D7-4350-A0AF-4DF75484580F}.AppStore|iPhone.ActiveCfg = Release|Any CPU
		{CE5C8248-40D7-4350-A0AF-4DF75484580F}.AppStore|iPhone.Build.0 = Release|Any CPU
		{CE5C8248-40D7-4350-A0AF-4DF75484580F}.AppStore|iPhoneSimulator.ActiveCfg = Release|Any CPU
		{CE5C8248-40D7-4350-A0AF-4DF75484580F}.AppStore|iPhoneSimulator.Build.0 = Release|Any CPU
		{CE5C8248-40D7-4350-A0AF-4DF75484580F}.Debug|Any CPU.ActiveCfg = Debug|Any CPU
		{CE5C8248-40D7-4350-A0AF-4DF75484580F}.Debug|Any CPU.Build.0 = Debug|Any CPU
		{CE5C8248-40D7-4350-A0AF-4DF75484580F}.Debug|iPhone.ActiveCfg = Debug|Any CPU
		{CE5C8248-40D7-4350-A0AF-4DF75484580F}.Debug|iPhone.Build.0 = Debug|Any CPU
		{CE5C8248-40D7-4350-A0AF-4DF75484580F}.Debug|iPhoneSimulator.ActiveCfg = Debug|Any CPU
		{CE5C8248-40D7-4350-A0AF-4DF75484580F}.Debug|iPhoneSimulator.Build.0 = Debug|Any CPU
		{CE5C8248-40D7-4350-A0AF-4DF75484580F}.Release|Any CPU.ActiveCfg = Release|Any CPU
		{CE5C8248-40D7-4350-A0AF-4DF75484580F}.Release|Any CPU.Build.0 = Release|Any CPU
		{CE5C8248-40D7-4350-A0AF-4DF75484580F}.Release|iPhone.ActiveCfg = Release|Any CPU
		{CE5C8248-40D7-4350-A0AF-4DF75484580F}.Release|iPhone.Build.0 = Release|Any CPU
		{CE5C8248-40D7-4350-A0AF-4DF75484580F}.Release|iPhoneSimulator.ActiveCfg = Release|Any CPU
		{CE5C8248-40D7-4350-A0AF-4DF75484580F}.Release|iPhoneSimulator.Build.0 = Release|Any CPU
		{EB56B6BE-41DF-497D-8EFC-CFF1DA40D0D1}.Ad-Hoc|Any CPU.ActiveCfg = Release|Any CPU
		{EB56B6BE-41DF-497D-8EFC-CFF1DA40D0D1}.Ad-Hoc|Any CPU.Build.0 = Release|Any CPU
		{EB56B6BE-41DF-497D-8EFC-CFF1DA40D0D1}.Ad-Hoc|Any CPU.Deploy.0 = Release|Any CPU
		{EB56B6BE-41DF-497D-8EFC-CFF1DA40D0D1}.Ad-Hoc|iPhone.ActiveCfg = Release|Any CPU
		{EB56B6BE-41DF-497D-8EFC-CFF1DA40D0D1}.Ad-Hoc|iPhone.Build.0 = Release|Any CPU
		{EB56B6BE-41DF-497D-8EFC-CFF1DA40D0D1}.Ad-Hoc|iPhone.Deploy.0 = Release|Any CPU
		{EB56B6BE-41DF-497D-8EFC-CFF1DA40D0D1}.Ad-Hoc|iPhoneSimulator.ActiveCfg = Release|Any CPU
		{EB56B6BE-41DF-497D-8EFC-CFF1DA40D0D1}.Ad-Hoc|iPhoneSimulator.Build.0 = Release|Any CPU
		{EB56B6BE-41DF-497D-8EFC-CFF1DA40D0D1}.Ad-Hoc|iPhoneSimulator.Deploy.0 = Release|Any CPU
		{EB56B6BE-41DF-497D-8EFC-CFF1DA40D0D1}.AppStore|Any CPU.ActiveCfg = Release|Any CPU
		{EB56B6BE-41DF-497D-8EFC-CFF1DA40D0D1}.AppStore|Any CPU.Build.0 = Release|Any CPU
		{EB56B6BE-41DF-497D-8EFC-CFF1DA40D0D1}.AppStore|Any CPU.Deploy.0 = Release|Any CPU
		{EB56B6BE-41DF-497D-8EFC-CFF1DA40D0D1}.AppStore|iPhone.ActiveCfg = Release|Any CPU
		{EB56B6BE-41DF-497D-8EFC-CFF1DA40D0D1}.AppStore|iPhone.Build.0 = Release|Any CPU
		{EB56B6BE-41DF-497D-8EFC-CFF1DA40D0D1}.AppStore|iPhone.Deploy.0 = Release|Any CPU
		{EB56B6BE-41DF-497D-8EFC-CFF1DA40D0D1}.AppStore|iPhoneSimulator.ActiveCfg = Release|Any CPU
		{EB56B6BE-41DF-497D-8EFC-CFF1DA40D0D1}.AppStore|iPhoneSimulator.Build.0 = Release|Any CPU
		{EB56B6BE-41DF-497D-8EFC-CFF1DA40D0D1}.AppStore|iPhoneSimulator.Deploy.0 = Release|Any CPU
		{EB56B6BE-41DF-497D-8EFC-CFF1DA40D0D1}.Debug|Any CPU.ActiveCfg = Debug|Any CPU
		{EB56B6BE-41DF-497D-8EFC-CFF1DA40D0D1}.Debug|Any CPU.Build.0 = Debug|Any CPU
		{EB56B6BE-41DF-497D-8EFC-CFF1DA40D0D1}.Debug|Any CPU.Deploy.0 = Debug|Any CPU
		{EB56B6BE-41DF-497D-8EFC-CFF1DA40D0D1}.Debug|iPhone.ActiveCfg = Debug|Any CPU
		{EB56B6BE-41DF-497D-8EFC-CFF1DA40D0D1}.Debug|iPhone.Build.0 = Debug|Any CPU
		{EB56B6BE-41DF-497D-8EFC-CFF1DA40D0D1}.Debug|iPhone.Deploy.0 = Debug|Any CPU
		{EB56B6BE-41DF-497D-8EFC-CFF1DA40D0D1}.Debug|iPhoneSimulator.ActiveCfg = Debug|Any CPU
		{EB56B6BE-41DF-497D-8EFC-CFF1DA40D0D1}.Debug|iPhoneSimulator.Build.0 = Debug|Any CPU
		{EB56B6BE-41DF-497D-8EFC-CFF1DA40D0D1}.Debug|iPhoneSimulator.Deploy.0 = Debug|Any CPU
		{EB56B6BE-41DF-497D-8EFC-CFF1DA40D0D1}.Release|Any CPU.ActiveCfg = Release|Any CPU
		{EB56B6BE-41DF-497D-8EFC-CFF1DA40D0D1}.Release|Any CPU.Build.0 = Release|Any CPU
		{EB56B6BE-41DF-497D-8EFC-CFF1DA40D0D1}.Release|Any CPU.Deploy.0 = Release|Any CPU
		{EB56B6BE-41DF-497D-8EFC-CFF1DA40D0D1}.Release|iPhone.ActiveCfg = Release|Any CPU
		{EB56B6BE-41DF-497D-8EFC-CFF1DA40D0D1}.Release|iPhone.Build.0 = Release|Any CPU
		{EB56B6BE-41DF-497D-8EFC-CFF1DA40D0D1}.Release|iPhone.Deploy.0 = Release|Any CPU
		{EB56B6BE-41DF-497D-8EFC-CFF1DA40D0D1}.Release|iPhoneSimulator.ActiveCfg = Release|Any CPU
		{EB56B6BE-41DF-497D-8EFC-CFF1DA40D0D1}.Release|iPhoneSimulator.Build.0 = Release|Any CPU
		{EB56B6BE-41DF-497D-8EFC-CFF1DA40D0D1}.Release|iPhoneSimulator.Deploy.0 = Release|Any CPU
		{29A55320-5B25-4DB2-8443-FA72EEA00240}.Ad-Hoc|Any CPU.ActiveCfg = Ad-Hoc|iPhone
		{29A55320-5B25-4DB2-8443-FA72EEA00240}.Ad-Hoc|iPhone.ActiveCfg = Ad-Hoc|iPhone
		{29A55320-5B25-4DB2-8443-FA72EEA00240}.Ad-Hoc|iPhone.Build.0 = Ad-Hoc|iPhone
		{29A55320-5B25-4DB2-8443-FA72EEA00240}.Ad-Hoc|iPhoneSimulator.ActiveCfg = Ad-Hoc|iPhoneSimulator
		{29A55320-5B25-4DB2-8443-FA72EEA00240}.Ad-Hoc|iPhoneSimulator.Build.0 = Ad-Hoc|iPhoneSimulator
		{29A55320-5B25-4DB2-8443-FA72EEA00240}.AppStore|Any CPU.ActiveCfg = AppStore|iPhone
		{29A55320-5B25-4DB2-8443-FA72EEA00240}.AppStore|iPhone.ActiveCfg = AppStore|iPhone
		{29A55320-5B25-4DB2-8443-FA72EEA00240}.AppStore|iPhone.Build.0 = AppStore|iPhone
		{29A55320-5B25-4DB2-8443-FA72EEA00240}.AppStore|iPhoneSimulator.ActiveCfg = AppStore|iPhoneSimulator
		{29A55320-5B25-4DB2-8443-FA72EEA00240}.AppStore|iPhoneSimulator.Build.0 = AppStore|iPhoneSimulator
		{29A55320-5B25-4DB2-8443-FA72EEA00240}.Debug|Any CPU.ActiveCfg = Debug|iPhone
		{29A55320-5B25-4DB2-8443-FA72EEA00240}.Debug|iPhone.ActiveCfg = Debug|iPhone
		{29A55320-5B25-4DB2-8443-FA72EEA00240}.Debug|iPhone.Build.0 = Debug|iPhone
		{29A55320-5B25-4DB2-8443-FA72EEA00240}.Debug|iPhoneSimulator.ActiveCfg = Debug|iPhoneSimulator
		{29A55320-5B25-4DB2-8443-FA72EEA00240}.Debug|iPhoneSimulator.Build.0 = Debug|iPhoneSimulator
		{29A55320-5B25-4DB2-8443-FA72EEA00240}.Release|Any CPU.ActiveCfg = Release|iPhone
		{29A55320-5B25-4DB2-8443-FA72EEA00240}.Release|iPhone.ActiveCfg = Release|iPhone
		{29A55320-5B25-4DB2-8443-FA72EEA00240}.Release|iPhone.Build.0 = Release|iPhone
		{29A55320-5B25-4DB2-8443-FA72EEA00240}.Release|iPhoneSimulator.ActiveCfg = Release|iPhoneSimulator
		{29A55320-5B25-4DB2-8443-FA72EEA00240}.Release|iPhoneSimulator.Build.0 = Release|iPhoneSimulator
	EndGlobalSection
	GlobalSection(SolutionProperties) = preSolution
		HideSolutionNode = FALSE
	EndGlobalSection
EndGlobal
